<?xml version="1.0" encoding="utf-8"?>
<Project ToolsVersion="4.0" xmlns="http://schemas.microsoft.com/developer/msbuild/2003">
  <ItemGroup>
    <Filter Include="Source Files">
      <UniqueIdentifier>{4FC737F1-C7A5-4376-A066-2A32D752A2FF}</UniqueIdentifier>
      <Extensions>cpp;c;cc;cxx;def;odl;idl;hpj;bat;asm;asmx</Extensions>
    </Filter>
    <Filter Include="Header Files">
      <UniqueIdentifier>{93995380-89BD-4b04-88EB-625FBE52EBFB}</UniqueIdentifier>
      <Extensions>h;hh;hpp;hxx;hm;inl;inc;xsd</Extensions>
    </Filter>
    <Filter Include="Resource Files">
      <UniqueIdentifier>{67DA6AB6-F800-4c08-8B7A-83BB121AAD01}</UniqueIdentifier>
      <Extensions>rc;ico;cur;bmp;dlg;rc2;rct;bin;rgs;gif;jpg;jpeg;jpe;resx;tiff;tif;png;wav</Extensions>
    </Filter>
  </ItemGroup>
  <ItemGroup>
    <ClCompile Include="view1090.c">
      <Filter>Source Files</Filter>
    </ClCompile>
    <ClCompile Include="ppup1090.c">
      <Filter>Source Files</Filter>
    </ClCompile>
    <ClCompile Include="net_io.c">
      <Filter>Source Files</Filter>
    </ClCompile>
    <ClCompile Include="mode_s.c">
      <Filter>Source Files</Filter>
    </ClCompile>
    <ClCompile Include="interactive.c">
      <Filter>Source Files</Filter>
    </ClCompile>
    <ClCompile Include="dump1090.c">
      <Filter>Source Files</Filter>
    </ClCompile>
    <ClCompile Include="anet.c">
      <Filter>Source Files</Filter>
    </ClCompile>
    <ClCompile Include="mode_ac.c">
      <Filter>Source Files</Filter>
    </ClCompile>
  </ItemGroup>
  <ItemGroup>
    <ClInclude Include="ppup1090.h">
      <Filter>Header Files</Filter>
    </ClInclude>
    <ClInclude Include="view1090.h">
      <Filter>Header Files</Filter>
    </ClInclude>
    <ClInclude Include="anet.h">
      <Filter>Header Files</Filter>
    </ClInclude>
    <ClInclude Include="dump1090.h">
      <Filter>Header Files</Filter>
    </ClInclude>
    <ClInclude Include="coaa.h">
      <Filter>Header Files</Filter>
    </ClInclude>
    <ClInclude Include="winstubs.h">
      <Filter>Header Files</Filter>
    </ClInclude>
    <ClInclude Include="pthreads\pthread.h">
      <Filter>Header Files</Filter>
    </ClInclude>
    <ClInclude Include="pthreads\sched.h">
      <Filter>Header Files</Filter>
    </ClInclude>
    <ClInclude Include="pthreads\semaphore.h">
      <Filter>Header Files</Filter>
    </ClInclude>
    <ClInclude Include="rtlsdr\rtl-sdr.h">
      <Filter>Header Files</Filter>
    </ClInclude>
    <ClInclude Include="rtlsdr\rtl-sdr_export.h">
      <Filter>Header Files</Filter>
    </ClInclude>
  </ItemGroup>
  <ItemGroup>
    <ResourceCompile Include="dump1090.rc">
      <Filter>Resource Files</Filter>
    </ResourceCompile>
  </ItemGroup>
  <ItemGroup>
    <None Include="testfiles\modes1.bin">
      <Filter>Resource Files</Filter>
    </None>
    <None Include="tools\debug.html" />
    <None Include="public_html\gmap.html" />
  </ItemGroup>
</Project>